// !$*UTF8*$!
{
	archiveVersion = 1;
	classes = {
	};
	objectVersion = 46;
	objects = {

/* Begin PBXBuildFile section */
		22DD95A81E9671E000B6AA1D /* main.m in Sources */ = {isa = PBXBuildFile; fileRef = 22DD95A71E9671E000B6AA1D /* main.m */; };
		22DD95AB1E9671E000B6AA1D /* AppDelegate.m in Sources */ = {isa = PBXBuildFile; fileRef = 22DD95AA1E9671E000B6AA1D /* AppDelegate.m */; };
		22DD95AE1E9671E000B6AA1D /* ViewController.m in Sources */ = {isa = PBXBuildFile; fileRef = 22DD95AD1E9671E000B6AA1D /* ViewController.m */; };
		22DD95B11E9671E000B6AA1D /* Main.storyboard in Resources */ = {isa = PBXBuildFile; fileRef = 22DD95AF1E9671E000B6AA1D /* Main.storyboard */; };
		22DD95B31E9671E000B6AA1D /* Assets.xcassets in Resources */ = {isa = PBXBuildFile; fileRef = 22DD95B21E9671E000B6AA1D /* Assets.xcassets */; };
		22DD95B61E9671E000B6AA1D /* LaunchScreen.storyboard in Resources */ = {isa = PBXBuildFile; fileRef = 22DD95B41E9671E000B6AA1D /* LaunchScreen.storyboard */; };
		22DD95C31E96740F00B6AA1D /* StoryboardViewController.m in Sources */ = {isa = PBXBuildFile; fileRef = 22DD95C21E96740F00B6AA1D /* StoryboardViewController.m */; };
/* End PBXBuildFile section */

/* Begin PBXFileReference section */
		22DD95A31E9671E000B6AA1D /* StoryboardVisitDemo.app */ = {isa = PBXFileReference; explicitFileType = wrapper.application; includeInIndex = 0; path = StoryboardVisitDemo.app; sourceTree = BUILT_PRODUCTS_DIR; };
		22DD95A71E9671E000B6AA1D /* main.m */ = {isa = PBXFileReference; lastKnownFileType = sourcecode.c.objc; path = main.m; sourceTree = "<group>"; };
		22DD95A91E9671E000B6AA1D /* AppDelegate.h */ = {isa = PBXFileReference; lastKnownFileType = sourcecode.c.h; path = AppDelegate.h; sourceTree = "<group>"; };
		22DD95AA1E9671E000B6AA1D /* AppDelegate.m */ = {isa = PBXFileReference; lastKnownFileType = sourcecode.c.objc; path = AppDelegate.m; sourceTree = "<group>"; };
		22DD95AC1E9671E000B6AA1D /* ViewController.h */ = {isa = PBXFileReference; lastKnownFileType = sourcecode.c.h; path = ViewController.h; sourceTree = "<group>"; };
		22DD95AD1E9671E000B6AA1D /* ViewController.m */ = {isa = PBXFileReference; lastKnownFileType = sourcecode.c.objc; path = ViewController.m; sourceTree = "<group>"; };
		22DD95B01E9671E000B6AA1D /* Base */ = {isa = PBXFileReference; lastKnownFileType = file.storyboard; name = Base; path = Base.lproj/Main.storyboard; sourceTree = "<group>"; };
		22DD95B21E9671E000B6AA1D /* Assets.xcassets */ = {isa = PBXFileReference; lastKnownFileType = folder.assetcatalog; path = Assets.xcassets; sourceTree = "<group>"; };
		22DD95B51E9671E000B6AA1D /* Base */ = {isa = PBXFileReference; lastKnownFileType = file.storyboard; name = Base; path = Base.lproj/LaunchScreen.storyboard; sourceTree = "<group>"; };
		22DD95B71E9671E000B6AA1D /* Info.plist */ = {isa = PBXFileReference; lastKnownFileType = text.plist.xml; path = Info.plist; sourceTree = "<group>"; };
		22DD95C11E96740F00B6AA1D /* StoryboardViewController.h */ = {isa = PBXFileReference; fileEncoding = 4; lastKnownFileType = sourcecode.c.h; path = StoryboardViewController.h; sourceTree = "<group>"; };
		22DD95C21E96740F00B6AA1D /* StoryboardViewController.m */ = {isa = PBXFileReference; fileEncoding = 4; lastKnownFileType = sourcecode.c.objc; path = StoryboardViewController.m; sourceTree = "<group>"; };
		22DD95C51E96765600B6AA1D /* StoryboardVisitor.h */ = {isa = PBXFileReference; fileEncoding = 4; lastKnownFileType = sourcecode.c.h; path = StoryboardVisitor.h; sourceTree = "<group>"; };
/* End PBXFileReference section */

/* Begin PBXFrameworksBuildPhase section */
		22DD95A01E9671E000B6AA1D /* Frameworks */ = {
			isa = PBXFrameworksBuildPhase;
			buildActionMask = 2147483647;
			files = (
			);
			runOnlyForDeploymentPostprocessing = 0;
		};
/* End PBXFrameworksBuildPhase section */

/* Begin PBXGroup section */
		22DD959A1E9671E000B6AA1D = {
			isa = PBXGroup;
			children = (
				22DD95A51E9671E000B6AA1D /* StoryboardVisitDemo */,
				22DD95A41E9671E000B6AA1D /* Products */,
			);
			sourceTree = "<group>";
		};
		22DD95A41E9671E000B6AA1D /* Products */ = {
			isa = PBXGroup;
			children = (
				22DD95A31E9671E000B6AA1D /* StoryboardVisitDemo.app */,
			);
			name = Products;
			sourceTree = "<group>";
		};
		22DD95A51E9671E000B6AA1D /* StoryboardVisitDemo */ = {
			isa = PBXGroup;
			children = (
				22DD95C41E9675D900B6AA1D /* Protocols */,
				22DD95A91E9671E000B6AA1D /* AppDelegate.h */,
				22DD95AA1E9671E000B6AA1D /* AppDelegate.m */,
				22DD95AC1E9671E000B6AA1D /* ViewController.h */,
				22DD95AD1E9671E000B6AA1D /* ViewController.m */,
				22DD95AF1E9671E000B6AA1D /* Main.storyboard */,
				22DD95B21E9671E000B6AA1D /* Assets.xcassets */,
				22DD95B41E9671E000B6AA1D /* LaunchScreen.storyboard */,
				22DD95B71E9671E000B6AA1D /* Info.plist */,
				22DD95A61E9671E000B6AA1D /* Supporting Files */,
				22DD95C01E9673BF00B6AA1D /* ViewControllers */,
			);
			path = StoryboardVisitDemo;
			sourceTree = "<group>";
		};
		22DD95A61E9671E000B6AA1D /* Supporting Files */ = {
			isa = PBXGroup;
			children = (
				22DD95A71E9671E000B6AA1D /* main.m */,
			);
			name = "Supporting Files";
			sourceTree = "<group>";
		};
		22DD95C01E9673BF00B6AA1D /* ViewControllers */ = {
			isa = PBXGroup;
			children = (
				22DD95C11E96740F00B6AA1D /* StoryboardViewController.h */,
				22DD95C21E96740F00B6AA1D /* StoryboardViewController.m */,
			);
			path = ViewControllers;
			sourceTree = "<group>";
		};
		22DD95C41E9675D900B6AA1D /* Protocols */ = {
			isa = PBXGroup;
			children = (
				22DD95C51E96765600B6AA1D /* StoryboardVisitor.h */,
			);
			path = Protocols;
			sourceTree = "<group>";
		};
/* End PBXGroup section */

/* Begin PBXNativeTarget section */
		22DD95A21E9671E000B6AA1D /* StoryboardVisitDemo */ = {
			isa = PBXNativeTarget;
			buildConfigurationList = 22DD95BA1E9671E000B6AA1D /* Build configuration list for PBXNativeTarget "StoryboardVisitDemo" */;
			buildPhases = (
				22DD959F1E9671E000B6AA1D /* Sources */,
				22DD95A01E9671E000B6AA1D /* Frameworks */,
				22DD95A11E9671E000B6AA1D /* Resources */,
			);
			buildRules = (
			);
			dependencies = (
			);
			name = StoryboardVisitDemo;
			productName = StoryboardVisitDemo;
			productReference = 22DD95A31E9671E000B6AA1D /* StoryboardVisitDemo.app */;
			productType = "com.apple.product-type.application";
		};
/* End PBXNativeTarget section */

/* Begin PBXProject section */
		22DD959B1E9671E000B6AA1D /* Project object */ = {
			isa = PBXProject;
			attributes = {
				LastUpgradeCheck = 0830;
				ORGANIZATIONNAME = TRCO;
				TargetAttributes = {
					22DD95A21E9671E000B6AA1D = {
						CreatedOnToolsVersion = 8.3;
						ProvisioningStyle = Manual;
					};
				};
			};
			buildConfigurationList = 22DD959E1E9671E000B6AA1D /* Build configuration list for PBXProject "StoryboardVisitDemo" */;
			compatibilityVersion = "Xcode 3.2";
			developmentRegion = English;
			hasScannedForEncodings = 0;
			knownRegions = (
				en,
				Base,
			);
			mainGroup = 22DD959A1E9671E000B6AA1D;
			productRefGroup = 22DD95A41E9671E000B6AA1D /* Products */;
			projectDirPath = "";
			projectRoot = "";
			targets = (
				22DD95A21E9671E000B6AA1D /* StoryboardVisitDemo */,
			);
		};
/* End PBXProject section */

/* Begin PBXResourcesBuildPhase section */
		22DD95A11E9671E000B6AA1D /* Resources */ = {
			isa = PBXResourcesBuildPhase;
			buildActionMask = 2147483647;
			files = (
				22DD95B61E9671E000B6AA1D /* LaunchScreen.storyboard in Resources */,
				22DD95B31E9671E000B6AA1D /* Assets.xcassets in Resources */,
				22DD95B11E9671E000B6AA1D /* Main.storyboard in Resources */,
			);
			runOnlyForDeploymentPostprocessing = 0;
		};
/* End PBXResourcesBuildPhase section */

/* Begin PBXSourcesBuildPhase section */
		22DD959F1E9671E000B6AA1D /* Sources */ = {
			isa = PBXSourcesBuildPhase;
			buildActionMask = 2147483647;
			files = (
				22DD95AE1E9671E000B6AA1D /* ViewController.m in Sources */,
				22DD95C31E96740F00B6AA1D /* StoryboardViewController.m in Sources */,
				22DD95AB1E9671E000B6AA1D /* AppDelegate.m in Sources */,
				22DD95A81E9671E000B6AA1D /* main.m in Sources */,
			);
			runOnlyForDeploymentPostprocessing = 0;
		};
/* End PBXSourcesBuildPhase section */

/* Begin PBXVariantGroup section */
		22DD95AF1E9671E000B6AA1D /* Main.storyboard */ = {
			isa = PBXVariantGroup;
			children = (
				22DD95B01E9671E000B6AA1D /* Base */,
			);
			name = Main.storyboard;
			sourceTree = "<group>";
		};
		22DD95B41E9671E000B6AA1D /* LaunchScreen.storyboard */ = {
			isa = PBXVariantGroup;
			children = (
				22DD95B51E9671E000B6AA1D /* Base */,
			);
			name = LaunchScreen.storyboard;
			sourceTree = "<group>";
		};
/* End PBXVariantGroup section */

/* Begin XCBuildConfiguration section */
		22DD95B81E9671E000B6AA1D /* Debug */ = {
			isa = XCBuildConfiguration;
			buildSettings = {
				ALWAYS_SEARCH_USER_PATHS = NO;
				CLANG_ANALYZER_NONNULL = YES;
				CLANG_ANALYZER_NUMBER_OBJECT_CONVERSION = YES_AGGRESSIVE;
				CLANG_CXX_LANGUAGE_STANDARD = "gnu++0x";
				CLANG_CXX_LIBRARY = "libc++";
				CLANG_ENABLE_MODULES = YES;
				CLANG_ENABLE_OBJC_ARC = YES;
				CLANG_WARN_BOOL_CONVERSION = YES;
				CLANG_WARN_CONSTANT_CONVERSION = YES;
				CLANG_WARN_DIRECT_OBJC_ISA_USAGE = YES_ERROR;
				CLANG_WARN_DOCUMENTATION_COMMENTS = YES;
				CLANG_WARN_EMPTY_BODY = YES;
				CLANG_WARN_ENUM_CONVERSION = YES;
				CLANG_WARN_INFINITE_RECURSION = YES;
				CLANG_WARN_INT_CONVERSION = YES;
				CLANG_WARN_OBJC_ROOT_CLASS = YES_ERROR;
				CLANG_WARN_SUSPICIOUS_MOVE = YES;
				CLANG_WARN_UNREACHABLE_CODE = YES;
				CLANG_WARN__DUPLICATE_METHOD_MATCH = YES;
				"CODE_SIGN_IDENTITY[sdk=iphoneos*]" = "iPhone Developer";
				COPY_PHASE_STRIP = NO;
				DEBUG_INFORMATION_FORMAT = dwarf;
				ENABLE_STRICT_OBJC_MSGSEND = YES;
				ENABLE_TESTABILITY = YES;
				GCC_C_LANGUAGE_STANDARD = gnu99;
				GCC_DYNAMIC_NO_PIC = NO;
				GCC_NO_COMMON_BLOCKS = YES;
				GCC_OPTIMIZATION_LEVEL = 0;
				GCC_PREPROCESSOR_DEFINITIONS = (
					"DEBUG=1",
					"$(inherited)",
				);
				GCC_WARN_64_TO_32_BIT_CONVERSION = YES;
				GCC_WARN_ABOUT_RETURN_TYPE = YES_ERROR;
				GCC_WARN_UNDECLARED_SELECTOR = YES;
				GCC_WARN_UNINITIALIZED_AUTOS = YES_AGGRESSIVE;
				GCC_WARN_UNUSED_FUNCTION = YES;
				GCC_WARN_UNUSED_VARIABLE = YES;
				IPHONEOS_DEPLOYMENT_TARGET = 10.3;
				MTL_ENABLE_DEBUG_INFO = YES;
				ONLY_ACTIVE_ARCH = YES;
				SDKROOT = iphoneos;
			};
			name = Debug;
		};
		22DD95B91E9671E000B6AA1D /* Release */ = {
			isa = XCBuildConfiguration;
			buildSettings = {
				ALWAYS_SEARCH_USER_PATHS = NO;
				CLANG_ANALYZER_NONNULL = YES;
				CLANG_ANALYZER_NUMBER_OBJECT_CONVERSION = YES_AGGRESSIVE;
				CLANG_CXX_LANGUAGE_STANDARD = "gnu++0x";
				CLANG_CXX_LIBRARY = "libc++";
				CLANG_ENABLE_MODULES = YES;
				CLANG_ENABLE_OBJC_ARC = YES;
				CLANG_WARN_BOOL_CONVERSION = YES;
				CLANG_WARN_CONSTANT_CONVERSION = YES;
				CLANG_WARN_DIRECT_OBJC_ISA_USAGE = YES_ERROR;
				CLANG_WARN_DOCUMENTATION_COMMENTS = YES;
				CLANG_WARN_EMPTY_BODY = YES;
				CLANG_WARN_ENUM_CONVERSION = YES;
				CLANG_WARN_INFINITE_RECURSION = YES;
				CLANG_WARN_INT_CONVERSION = YES;
				CLANG_WARN_OBJC_ROOT_CLASS = YES_ERROR;
				CLANG_WARN_SUSPICIOUS_MOVE = YES;
				CLANG_WARN_UNREACHABLE_CODE = YES;
				CLANG_WARN__DUPLICATE_METHOD_MATCH = YES;
				"CODE_SIGN_IDENTITY[sdk=iphoneos*]" = "iPhone Developer";
				COPY_PHASE_STRIP = NO;
				DEBUG_INFORMATION_FORMAT = "dwarf-with-dsym";
				ENABLE_NS_ASSERTIONS = NO;
				ENABLE_STRICT_OBJC_MSGSEND = YES;
				GCC_C_LANGUAGE_STANDARD = gnu99;
				GCC_NO_COMMON_BLOCKS = YES;
				GCC_WARN_64_TO_32_BIT_CONVERSION = YES;
				GCC_WARN_ABOUT_RETURN_TYPE = YES_ERROR;
				GCC_WARN_UNDECLARED_SELECTOR = YES;
				GCC_WARN_UNINITIALIZED_AUTOS = YES_AGGRESSIVE;
				GCC_WARN_UNUSED_FUNCTION = YES;
				GCC_WARN_UNUSED_VARIABLE = YES;
				IPHONEOS_DEPLOYMENT_TARGET = 10.3;
				MTL_ENABLE_DEBUG_INFO = NO;
				SDKROOT = iphoneos;
				VALIDATE_PRODUCT = YES;
			};
			name = Release;
		};
		22DD95BB1E9671E000B6AA1D /* Debug */ = {
			isa = XCBuildConfiguration;
			buildSettings = {
				ASSETCATALOG_COMPILER_APPICON_NAME = AppIcon;
				DEVELOPMENT_TEAM = "";
				INFOPLIST_FILE = StoryboardVisitDemo/Info.plist;
				LD_RUNPATH_SEARCH_PATHS = "$(inherited) @executable_path/Frameworks";
				PRODUCT_BUNDLE_IDENTIFIER = com.trco.StoryboardVisitDemo;
				PRODUCT_NAME = "$(TARGET_NAME)";
				PROVISIONING_PROFILE_SPECIFIER = "";
			};
			name = Debug;
		};
		22DD95BC1E9671E000B6AA1D /* Release */ = {
			isa = XCBuildConfiguration;
			buildSettings = {
				ASSETCATALOG_COMPILER_APPICON_NAME = AppIcon;
				DEVELOPMENT_TEAM = "";
				INFOPLIST_FILE = StoryboardVisitDemo/Info.plist;
				LD_RUNPATH_SEARCH_PATHS = "$(inherited) @executable_path/Frameworks";
				PRODUCT_BUNDLE_IDENTIFIER = com.trco.StoryboardVisitDemo;
				PRODUCT_NAME = "$(TARGET_NAME)";
				PROVISIONING_PROFILE_SPECIFIER = "";
			};
			name = Release;
		};
/* End XCBuildConfiguration section */

/* Begin XCConfigurationList section */
		22DD959E1E9671E000B6AA1D /* Build configuration list for PBXProject "StoryboardVisitDemo" */ = {
			isa = XCConfigurationList;
			buildConfigurations = (
				22DD95B81E9671E000B6AA1D /* Debug */,
				22DD95B91E9671E000B6AA1D /* Release */,
			);
			defaultConfigurationIsVisible = 0;
			defaultConfigurationName = Release;
		};
		22DD95BA1E9671E000B6AA1D /* Build configuration list for PBXNativeTarget "StoryboardVisitDemo" */ = {
			isa = XCConfigurationList;
			buildConfigurations = (
				22DD95BB1E9671E000B6AA1D /* Debug */,
				22DD95BC1E9671E000B6AA1D /* Release */,
			);
			defaultConfigurationIsVisible = 0;
		};
/* End XCConfigurationList section */
	};
	rootObject = 22DD959B1E9671E000B6AA1D /* Project object */;
}
